
Microsoft Visual Studio Solution File, Format Version 12.00
# Visual Studio 15
VisualStudioVersion = 15.0.28307.136
MinimumVisualStudioVersion = 10.0.40219.1
Project("{FAE04EC0-301F-11D3-BF4B-00C04F79EFBC}") = "GlitchedEpistle.Client", "src\GlitchedEpistle.Client.csproj", "{27A814A4-57DC-4243-A54E-0290B30156FF}"
EndProject
Project("{FAE04EC0-301F-11D3-BF4B-00C04F79EFBC}") = "GlitchedEpistle.Client.Tests", "tests\GlitchedEpistle.Client.Tests.csproj", "{9F3AF6F0-6B5F-47E9-9883-5824B54DA7C2}"
EndProject
Global
	GlobalSection(SolutionConfigurationPlatforms) = preSolution
		Debug|Any CPU = Debug|Any CPU
		Release|Any CPU = Release|Any CPU
	EndGlobalSection
	GlobalSection(ProjectConfigurationPlatforms) = postSolution
		{27A814A4-57DC-4243-A54E-0290B30156FF}.Debug|Any CPU.ActiveCfg = Debug|Any CPU
		{27A814A4-57DC-4243-A54E-0290B30156FF}.Debug|Any CPU.Build.0 = Debug|Any CPU
		{27A814A4-57DC-4243-A54E-0290B30156FF}.Release|Any CPU.ActiveCfg = Release|Any CPU
		{27A814A4-57DC-4243-A54E-0290B30156FF}.Release|Any CPU.Build.0 = Release|Any CPU
		{9F3AF6F0-6B5F-47E9-9883-5824B54DA7C2}.Debug|Any CPU.ActiveCfg = Debug|Any CPU
		{9F3AF6F0-6B5F-47E9-9883-5824B54DA7C2}.Debug|Any CPU.Build.0 = Debug|Any CPU
		{9F3AF6F0-6B5F-47E9-9883-5824B54DA7C2}.Release|Any CPU.ActiveCfg = Release|Any CPU
		{9F3AF6F0-6B5F-47E9-9883-5824B54DA7C2}.Release|Any CPU.Build.0 = Release|Any CPU
	EndGlobalSection
	GlobalSection(SolutionProperties) = preSolution
		HideSolutionNode = FALSE
	EndGlobalSection
	GlobalSection(ExtensibilityGlobals) = postSolution
		SolutionGuid = {2F5E89F3-BBD8-4A6F-AD26-878E40B9450E}
	EndGlobalSection
EndGlobal
